// !$*UTF8*$!
{
	archiveVersion = 1;
	classes = {
	};
	objectVersion = 46;
	objects = {

/* Begin PBXBuildFile section */
		1DFE3FD11EDBC5DD00E86A96 /* AppDelegate.swift in Sources */ = {isa = PBXBuildFile; fileRef = 1DFE3FD01EDBC5DD00E86A96 /* AppDelegate.swift */; };
		1DFE3FD31EDBC5DD00E86A96 /* MainC.swift in Sources */ = {isa = PBXBuildFile; fileRef = 1DFE3FD21EDBC5DD00E86A96 /* MainC.swift */; };
		1DFE3FD61EDBC5DD00E86A96 /* Main.storyboard in Resources */ = {isa = PBXBuildFile; fileRef = 1DFE3FD41EDBC5DD00E86A96 /* Main.storyboard */; };
		1DFE3FD81EDBC5DD00E86A96 /* Assets.xcassets in Resources */ = {isa = PBXBuildFile; fileRef = 1DFE3FD71EDBC5DD00E86A96 /* Assets.xcassets */; };
		1DFE3FDB1EDBC5DD00E86A96 /* LaunchScreen.storyboard in Resources */ = {isa = PBXBuildFile; fileRef = 1DFE3FD91EDBC5DD00E86A96 /* LaunchScreen.storyboard */; };
		1DFE3FE61EDBC5DD00E86A96 /* MusicVideoTests.swift in Sources */ = {isa = PBXBuildFile; fileRef = 1DFE3FE51EDBC5DD00E86A96 /* MusicVideoTests.swift */; };
		1DFE3FF11EDBC5DD00E86A96 /* MusicVideoUITests.swift in Sources */ = {isa = PBXBuildFile; fileRef = 1DFE3FF01EDBC5DD00E86A96 /* MusicVideoUITests.swift */; };
/* End PBXBuildFile section */

/* Begin PBXContainerItemProxy section */
		1DFE3FE21EDBC5DD00E86A96 /* PBXContainerItemProxy */ = {
			isa = PBXContainerItemProxy;
			containerPortal = 1DFE3FC51EDBC5DC00E86A96 /* Project object */;
			proxyType = 1;
			remoteGlobalIDString = 1DFE3FCC1EDBC5DD00E86A96;
			remoteInfo = MusicVideo;
		};
		1DFE3FED1EDBC5DD00E86A96 /* PBXContainerItemProxy */ = {
			isa = PBXContainerItemProxy;
			containerPortal = 1DFE3FC51EDBC5DC00E86A96 /* Project object */;
			proxyType = 1;
			remoteGlobalIDString = 1DFE3FCC1EDBC5DD00E86A96;
			remoteInfo = MusicVideo;
		};
/* End PBXContainerItemProxy section */

/* Begin PBXFileReference section */
		1DFE3FCD1EDBC5DD00E86A96 /* MusicVideo.app */ = {isa = PBXFileReference; explicitFileType = wrapper.application; includeInIndex = 0; path = MusicVideo.app; sourceTree = BUILT_PRODUCTS_DIR; };
		1DFE3FD01EDBC5DD00E86A96 /* AppDelegate.swift */ = {isa = PBXFileReference; lastKnownFileType = sourcecode.swift; path = AppDelegate.swift; sourceTree = "<group>"; };
		1DFE3FD21EDBC5DD00E86A96 /* MainC.swift */ = {isa = PBXFileReference; lastKnownFileType = sourcecode.swift; path = MainC.swift; sourceTree = "<group>"; };
		1DFE3FD51EDBC5DD00E86A96 /* Base */ = {isa = PBXFileReference; lastKnownFileType = file.storyboard; name = Base; path = Base.lproj/Main.storyboard; sourceTree = "<group>"; };
		1DFE3FD71EDBC5DD00E86A96 /* Assets.xcassets */ = {isa = PBXFileReference; lastKnownFileType = folder.assetcatalog; path = Assets.xcassets; sourceTree = "<group>"; };
		1DFE3FDA1EDBC5DD00E86A96 /* Base */ = {isa = PBXFileReference; lastKnownFileType = file.storyboard; name = Base; path = Base.lproj/LaunchScreen.storyboard; sourceTree = "<group>"; };
		1DFE3FDC1EDBC5DD00E86A96 /* Info.plist */ = {isa = PBXFileReference; lastKnownFileType = text.plist.xml; path = Info.plist; sourceTree = "<group>"; };
		1DFE3FE11EDBC5DD00E86A96 /* MusicVideoTests.xctest */ = {isa = PBXFileReference; explicitFileType = wrapper.cfbundle; includeInIndex = 0; path = MusicVideoTests.xctest; sourceTree = BUILT_PRODUCTS_DIR; };
		1DFE3FE51EDBC5DD00E86A96 /* MusicVideoTests.swift */ = {isa = PBXFileReference; lastKnownFileType = sourcecode.swift; path = MusicVideoTests.swift; sourceTree = "<group>"; };
		1DFE3FE71EDBC5DD00E86A96 /* Info.plist */ = {isa = PBXFileReference; lastKnownFileType = text.plist.xml; path = Info.plist; sourceTree = "<group>"; };
		1DFE3FEC1EDBC5DD00E86A96 /* MusicVideoUITests.xctest */ = {isa = PBXFileReference; explicitFileType = wrapper.cfbundle; includeInIndex = 0; path = MusicVideoUITests.xctest; sourceTree = BUILT_PRODUCTS_DIR; };
		1DFE3FF01EDBC5DD00E86A96 /* MusicVideoUITests.swift */ = {isa = PBXFileReference; lastKnownFileType = sourcecode.swift; path = MusicVideoUITests.swift; sourceTree = "<group>"; };
		1DFE3FF21EDBC5DD00E86A96 /* Info.plist */ = {isa = PBXFileReference; lastKnownFileType = text.plist.xml; path = Info.plist; sourceTree = "<group>"; };
/* End PBXFileReference section */

/* Begin PBXFrameworksBuildPhase section */
		1DFE3FCA1EDBC5DD00E86A96 /* Frameworks */ = {
			isa = PBXFrameworksBuildPhase;
			buildActionMask = 2147483647;
			files = (
			);
			runOnlyForDeploymentPostprocessing = 0;
		};
		1DFE3FDE1EDBC5DD00E86A96 /* Frameworks */ = {
			isa = PBXFrameworksBuildPhase;
			buildActionMask = 2147483647;
			files = (
			);
			runOnlyForDeploymentPostprocessing = 0;
		};
		1DFE3FE91EDBC5DD00E86A96 /* Frameworks */ = {
			isa = PBXFrameworksBuildPhase;
			buildActionMask = 2147483647;
			files = (
			);
			runOnlyForDeploymentPostprocessing = 0;
		};
/* End PBXFrameworksBuildPhase section */

/* Begin PBXGroup section */
		1D319A551EDDEEFB00F2829C /* View */ = {
			isa = PBXGroup;
			children = (
				1DFE3FDC1EDBC5DD00E86A96 /* Info.plist */,
				1DFE3FD71EDBC5DD00E86A96 /* Assets.xcassets */,
				1DFE3FD91EDBC5DD00E86A96 /* LaunchScreen.storyboard */,
				1DFE3FD41EDBC5DD00E86A96 /* Main.storyboard */,
			);
			name = View;
			sourceTree = "<group>";
		};
		1D319A561EDDEF0600F2829C /* Controller */ = {
			isa = PBXGroup;
			children = (
				1DFE3FD21EDBC5DD00E86A96 /* MainC.swift */,
			);
			name = Controller;
			sourceTree = "<group>";
		};
		1D319A571EDDEF1900F2829C /* Model */ = {
			isa = PBXGroup;
			children = (
				1DFE3FD01EDBC5DD00E86A96 /* AppDelegate.swift */,
			);
			name = Model;
			sourceTree = "<group>";
		};
		1DFE3FC41EDBC5DC00E86A96 = {
			isa = PBXGroup;
			children = (
				1DFE3FCF1EDBC5DD00E86A96 /* MusicVideo */,
				1DFE3FE41EDBC5DD00E86A96 /* MusicVideoTests */,
				1DFE3FEF1EDBC5DD00E86A96 /* MusicVideoUITests */,
				1DFE3FCE1EDBC5DD00E86A96 /* Products */,
			);
			sourceTree = "<group>";
		};
		1DFE3FCE1EDBC5DD00E86A96 /* Products */ = {
			isa = PBXGroup;
			children = (
				1DFE3FCD1EDBC5DD00E86A96 /* MusicVideo.app */,
				1DFE3FE11EDBC5DD00E86A96 /* MusicVideoTests.xctest */,
				1DFE3FEC1EDBC5DD00E86A96 /* MusicVideoUITests.xctest */,
			);
			name = Products;
			sourceTree = "<group>";
		};
		1DFE3FCF1EDBC5DD00E86A96 /* MusicVideo */ = {
			isa = PBXGroup;
			children = (
				1D319A571EDDEF1900F2829C /* Model */,
				1D319A561EDDEF0600F2829C /* Controller */,
				1D319A551EDDEEFB00F2829C /* View */,
			);
			path = MusicVideo;
			sourceTree = "<group>";
		};
		1DFE3FE41EDBC5DD00E86A96 /* MusicVideoTests */ = {
			isa = PBXGroup;
			children = (
				1DFE3FE51EDBC5DD00E86A96 /* MusicVideoTests.swift */,
				1DFE3FE71EDBC5DD00E86A96 /* Info.plist */,
			);
			path = MusicVideoTests;
			sourceTree = "<group>";
		};
		1DFE3FEF1EDBC5DD00E86A96 /* MusicVideoUITests */ = {
			isa = PBXGroup;
			children = (
				1DFE3FF01EDBC5DD00E86A96 /* MusicVideoUITests.swift */,
				1DFE3FF21EDBC5DD00E86A96 /* Info.plist */,
			);
			path = MusicVideoUITests;
			sourceTree = "<group>";
		};
/* End PBXGroup section */

/* Begin PBXNativeTarget section */
		1DFE3FCC1EDBC5DD00E86A96 /* MusicVideo */ = {
			isa = PBXNativeTarget;
			buildConfigurationList = 1DFE3FF51EDBC5DD00E86A96 /* Build configuration list for PBXNativeTarget "MusicVideo" */;
			buildPhases = (
				1DFE3FC91EDBC5DD00E86A96 /* Sources */,
				1DFE3FCA1EDBC5DD00E86A96 /* Frameworks */,
				1DFE3FCB1EDBC5DD00E86A96 /* Resources */,
			);
			buildRules = (
			);
			dependencies = (
			);
			name = MusicVideo;
			productName = MusicVideo;
			productReference = 1DFE3FCD1EDBC5DD00E86A96 /* MusicVideo.app */;
			productType = "com.apple.product-type.application";
		};
		1DFE3FE01EDBC5DD00E86A96 /* MusicVideoTests */ = {
			isa = PBXNativeTarget;
			buildConfigurationList = 1DFE3FF81EDBC5DD00E86A96 /* Build configuration list for PBXNativeTarget "MusicVideoTests" */;
			buildPhases = (
				1DFE3FDD1EDBC5DD00E86A96 /* Sources */,
				1DFE3FDE1EDBC5DD00E86A96 /* Frameworks */,
				1DFE3FDF1EDBC5DD00E86A96 /* Resources */,
			);
			buildRules = (
			);
			dependencies = (
				1DFE3FE31EDBC5DD00E86A96 /* PBXTargetDependency */,
			);
			name = MusicVideoTests;
			productName = MusicVideoTests;
			productReference = 1DFE3FE11EDBC5DD00E86A96 /* MusicVideoTests.xctest */;
			productType = "com.apple.product-type.bundle.unit-test";
		};
		1DFE3FEB1EDBC5DD00E86A96 /* MusicVideoUITests */ = {
			isa = PBXNativeTarget;
			buildConfigurationList = 1DFE3FFB1EDBC5DD00E86A96 /* Build configuration list for PBXNativeTarget "MusicVideoUITests" */;
			buildPhases = (
				1DFE3FE81EDBC5DD00E86A96 /* Sources */,
				1DFE3FE91EDBC5DD00E86A96 /* Frameworks */,
				1DFE3FEA1EDBC5DD00E86A96 /* Resources */,
			);
			buildRules = (
			);
			dependencies = (
				1DFE3FEE1EDBC5DD00E86A96 /* PBXTargetDependency */,
			);
			name = MusicVideoUITests;
			productName = MusicVideoUITests;
			productReference = 1DFE3FEC1EDBC5DD00E86A96 /* MusicVideoUITests.xctest */;
			productType = "com.apple.product-type.bundle.ui-testing";
		};
/* End PBXNativeTarget section */

/* Begin PBXProject section */
		1DFE3FC51EDBC5DC00E86A96 /* Project object */ = {
			isa = PBXProject;
			attributes = {
				LastSwiftUpdateCheck = 0830;
				LastUpgradeCheck = 0830;
				ORGANIZATIONNAME = "christopher alphonse cervantes";
				TargetAttributes = {
					1DFE3FCC1EDBC5DD00E86A96 = {
						CreatedOnToolsVersion = 8.3.2;
						DevelopmentTeam = 7EP5686Y73;
						ProvisioningStyle = Automatic;
					};
					1DFE3FE01EDBC5DD00E86A96 = {
						CreatedOnToolsVersion = 8.3.2;
						DevelopmentTeam = 7EP5686Y73;
						ProvisioningStyle = Automatic;
						TestTargetID = 1DFE3FCC1EDBC5DD00E86A96;
					};
					1DFE3FEB1EDBC5DD00E86A96 = {
						CreatedOnToolsVersion = 8.3.2;
						DevelopmentTeam = 7EP5686Y73;
						ProvisioningStyle = Automatic;
						TestTargetID = 1DFE3FCC1EDBC5DD00E86A96;
					};
				};
			};
			buildConfigurationList = 1DFE3FC81EDBC5DC00E86A96 /* Build configuration list for PBXProject "MusicVideo" */;
			compatibilityVersion = "Xcode 3.2";
			developmentRegion = English;
			hasScannedForEncodings = 0;
			knownRegions = (
				en,
				Base,
			);
			mainGroup = 1DFE3FC41EDBC5DC00E86A96;
			productRefGroup = 1DFE3FCE1EDBC5DD00E86A96 /* Products */;
			projectDirPath = "";
			projectRoot = "";
			targets = (
				1DFE3FCC1EDBC5DD00E86A96 /* MusicVideo */,
				1DFE3FE01EDBC5DD00E86A96 /* MusicVideoTests */,
				1DFE3FEB1EDBC5DD00E86A96 /* MusicVideoUITests */,
			);
		};
/* End PBXProject section */

/* Begin PBXResourcesBuildPhase section */
		1DFE3FCB1EDBC5DD00E86A96 /* Resources */ = {
			isa = PBXResourcesBuildPhase;
			buildActionMask = 2147483647;
			files = (
				1DFE3FDB1EDBC5DD00E86A96 /* LaunchScreen.storyboard in Resources */,
				1DFE3FD81EDBC5DD00E86A96 /* Assets.xcassets in Resources */,
				1DFE3FD61EDBC5DD00E86A96 /* Main.storyboard in Resources */,
			);
			runOnlyForDeploymentPostprocessing = 0;
		};
		1DFE3FDF1EDBC5DD00E86A96 /* Resources */ = {
			isa = PBXResourcesBuildPhase;
			buildActionMask = 2147483647;
			files = (
			);
			runOnlyForDeploymentPostprocessing = 0;
		};
		1DFE3FEA1EDBC5DD00E86A96 /* Resources */ = {
			isa = PBXResourcesBuildPhase;
			buildActionMask = 2147483647;
			files = (
			);
			runOnlyForDeploymentPostprocessing = 0;
		};
/* End PBXResourcesBuildPhase section */

/* Begin PBXSourcesBuildPhase section */
		1DFE3FC91EDBC5DD00E86A96 /* Sources */ = {
			isa = PBXSourcesBuildPhase;
			buildActionMask = 2147483647;
			files = (
				1DFE3FD31EDBC5DD00E86A96 /* MainC.swift in Sources */,
				1DFE3FD11EDBC5DD00E86A96 /* AppDelegate.swift in Sources */,
			);
			runOnlyForDeploymentPostprocessing = 0;
		};
		1DFE3FDD1EDBC5DD00E86A96 /* Sources */ = {
			isa = PBXSourcesBuildPhase;
			buildActionMask = 2147483647;
			files = (
				1DFE3FE61EDBC5DD00E86A96 /* MusicVideoTests.swift in Sources */,
			);
			runOnlyForDeploymentPostprocessing = 0;
		};
		1DFE3FE81EDBC5DD00E86A96 /* Sources */ = {
			isa = PBXSourcesBuildPhase;
			buildActionMask = 2147483647;
			files = (
				1DFE3FF11EDBC5DD00E86A96 /* MusicVideoUITests.swift in Sources */,
			);
			runOnlyForDeploymentPostprocessing = 0;
		};
/* End PBXSourcesBuildPhase section */

/* Begin PBXTargetDependency section */
		1DFE3FE31EDBC5DD00E86A96 /* PBXTargetDependency */ = {
			isa = PBXTargetDependency;
			target = 1DFE3FCC1EDBC5DD00E86A96 /* MusicVideo */;
			targetProxy = 1DFE3FE21EDBC5DD00E86A96 /* PBXContainerItemProxy */;
		};
		1DFE3FEE1EDBC5DD00E86A96 /* PBXTargetDependency */ = {
			isa = PBXTargetDependency;
			target = 1DFE3FCC1EDBC5DD00E86A96 /* MusicVideo */;
			targetProxy = 1DFE3FED1EDBC5DD00E86A96 /* PBXContainerItemProxy */;
		};
/* End PBXTargetDependency section */

/* Begin PBXVariantGroup section */
		1DFE3FD41EDBC5DD00E86A96 /* Main.storyboard */ = {
			isa = PBXVariantGroup;
			children = (
				1DFE3FD51EDBC5DD00E86A96 /* Base */,
			);
			name = Main.storyboard;
			sourceTree = "<group>";
		};
		1DFE3FD91EDBC5DD00E86A96 /* LaunchScreen.storyboard */ = {
			isa = PBXVariantGroup;
			children = (
				1DFE3FDA1EDBC5DD00E86A96 /* Base */,
			);
			name = LaunchScreen.storyboard;
			sourceTree = "<group>";
		};
/* End PBXVariantGroup section */

/* Begin XCBuildConfiguration section */
		1DFE3FF31EDBC5DD00E86A96 /* Debug */ = {
			isa = XCBuildConfiguration;
			buildSettings = {
				ALWAYS_SEARCH_USER_PATHS = NO;
				CLANG_ANALYZER_NONNULL = YES;
				CLANG_ANALYZER_NUMBER_OBJECT_CONVERSION = YES_AGGRESSIVE;
				CLANG_CXX_LANGUAGE_STANDARD = "gnu++0x";
				CLANG_CXX_LIBRARY = "libc++";
				CLANG_ENABLE_MODULES = YES;
				CLANG_ENABLE_OBJC_ARC = YES;
				CLANG_WARN_BOOL_CONVERSION = YES;
				CLANG_WARN_CONSTANT_CONVERSION = YES;
				CLANG_WARN_DIRECT_OBJC_ISA_USAGE = YES_ERROR;
				CLANG_WARN_DOCUMENTATION_COMMENTS = YES;
				CLANG_WARN_EMPTY_BODY = YES;
				CLANG_WARN_ENUM_CONVERSION = YES;
				CLANG_WARN_INFINITE_RECURSION = YES;
				CLANG_WARN_INT_CONVERSION = YES;
				CLANG_WARN_OBJC_ROOT_CLASS = YES_ERROR;
				CLANG_WARN_SUSPICIOUS_MOVE = YES;
				CLANG_WARN_UNREACHABLE_CODE = YES;
				CLANG_WARN__DUPLICATE_METHOD_MATCH = YES;
				"CODE_SIGN_IDENTITY[sdk=iphoneos*]" = "iPhone Developer";
				COPY_PHASE_STRIP = NO;
				DEBUG_INFORMATION_FORMAT = dwarf;
				ENABLE_STRICT_OBJC_MSGSEND = YES;
				ENABLE_TESTABILITY = YES;
				GCC_C_LANGUAGE_STANDARD = gnu99;
				GCC_DYNAMIC_NO_PIC = NO;
				GCC_NO_COMMON_BLOCKS = YES;
				GCC_OPTIMIZATION_LEVEL = 0;
				GCC_PREPROCESSOR_DEFINITIONS = (
					"DEBUG=1",
					"$(inherited)",
				);
				GCC_WARN_64_TO_32_BIT_CONVERSION = YES;
				GCC_WARN_ABOUT_RETURN_TYPE = YES_ERROR;
				GCC_WARN_UNDECLARED_SELECTOR = YES;
				GCC_WARN_UNINITIALIZED_AUTOS = YES_AGGRESSIVE;
				GCC_WARN_UNUSED_FUNCTION = YES;
				GCC_WARN_UNUSED_VARIABLE = YES;
				IPHONEOS_DEPLOYMENT_TARGET = 10.3;
				MTL_ENABLE_DEBUG_INFO = YES;
				ONLY_ACTIVE_ARCH = YES;
				SDKROOT = iphoneos;
				SWIFT_ACTIVE_COMPILATION_CONDITIONS = DEBUG;
				SWIFT_OPTIMIZATION_LEVEL = "-Onone";
				TARGETED_DEVICE_FAMILY = "1,2";
			};
			name = Debug;
		};
		1DFE3FF41EDBC5DD00E86A96 /* Release */ = {
			isa = XCBuildConfiguration;
			buildSettings = {
				ALWAYS_SEARCH_USER_PATHS = NO;
				CLANG_ANALYZER_NONNULL = YES;
				CLANG_ANALYZER_NUMBER_OBJECT_CONVERSION = YES_AGGRESSIVE;
				CLANG_CXX_LANGUAGE_STANDARD = "gnu++0x";
				CLANG_CXX_LIBRARY = "libc++";
				CLANG_ENABLE_MODULES = YES;
				CLANG_ENABLE_OBJC_ARC = YES;
				CLANG_WARN_BOOL_CONVERSION = YES;
				CLANG_WARN_CONSTANT_CONVERSION = YES;
				CLANG_WARN_DIRECT_OBJC_ISA_USAGE = YES_ERROR;
				CLANG_WARN_DOCUMENTATION_COMMENTS = YES;
				CLANG_WARN_EMPTY_BODY = YES;
				CLANG_WARN_ENUM_CONVERSION = YES;
				CLANG_WARN_INFINITE_RECURSION = YES;
				CLANG_WARN_INT_CONVERSION = YES;
				CLANG_WARN_OBJC_ROOT_CLASS = YES_ERROR;
				CLANG_WARN_SUSPICIOUS_MOVE = YES;
				CLANG_WARN_UNREACHABLE_CODE = YES;
				CLANG_WARN__DUPLICATE_METHOD_MATCH = YES;
				"CODE_SIGN_IDENTITY[sdk=iphoneos*]" = "iPhone Developer";
				COPY_PHASE_STRIP = NO;
				DEBUG_INFORMATION_FORMAT = "dwarf-with-dsym";
				ENABLE_NS_ASSERTIONS = NO;
				ENABLE_STRICT_OBJC_MSGSEND = YES;
				GCC_C_LANGUAGE_STANDARD = gnu99;
				GCC_NO_COMMON_BLOCKS = YES;
				GCC_WARN_64_TO_32_BIT_CONVERSION = YES;
				GCC_WARN_ABOUT_RETURN_TYPE = YES_ERROR;
				GCC_WARN_UNDECLARED_SELECTOR = YES;
				GCC_WARN_UNINITIALIZED_AUTOS = YES_AGGRESSIVE;
				GCC_WARN_UNUSED_FUNCTION = YES;
				GCC_WARN_UNUSED_VARIABLE = YES;
				IPHONEOS_DEPLOYMENT_TARGET = 10.3;
				MTL_ENABLE_DEBUG_INFO = NO;
				SDKROOT = iphoneos;
				SWIFT_OPTIMIZATION_LEVEL = "-Owholemodule";
				TARGETED_DEVICE_FAMILY = "1,2";
				VALIDATE_PRODUCT = YES;
			};
			name = Release;
		};
		1DFE3FF61EDBC5DD00E86A96 /* Debug */ = {
			isa = XCBuildConfiguration;
			buildSettings = {
				ASSETCATALOG_COMPILER_APPICON_NAME = AppIcon;
				DEVELOPMENT_TEAM = 7EP5686Y73;
				INFOPLIST_FILE = MusicVideo/Info.plist;
				LD_RUNPATH_SEARCH_PATHS = "$(inherited) @executable_path/Frameworks";
				PRODUCT_BUNDLE_IDENTIFIER = com.stand4jc.MusicVideo;
				PRODUCT_NAME = "$(TARGET_NAME)";
				SWIFT_VERSION = 3.0;
			};
			name = Debug;
		};
		1DFE3FF71EDBC5DD00E86A96 /* Release */ = {
			isa = XCBuildConfiguration;
			buildSettings = {
				ASSETCATALOG_COMPILER_APPICON_NAME = AppIcon;
				DEVELOPMENT_TEAM = 7EP5686Y73;
				INFOPLIST_FILE = MusicVideo/Info.plist;
				LD_RUNPATH_SEARCH_PATHS = "$(inherited) @executable_path/Frameworks";
				PRODUCT_BUNDLE_IDENTIFIER = com.stand4jc.MusicVideo;
				PRODUCT_NAME = "$(TARGET_NAME)";
				SWIFT_VERSION = 3.0;
			};
			name = Release;
		};
		1DFE3FF91EDBC5DD00E86A96 /* Debug */ = {
			isa = XCBuildConfiguration;
			buildSettings = {
				ALWAYS_EMBED_SWIFT_STANDARD_LIBRARIES = YES;
				BUNDLE_LOADER = "$(TEST_HOST)";
				DEVELOPMENT_TEAM = 7EP5686Y73;
				INFOPLIST_FILE = MusicVideoTests/Info.plist;
				LD_RUNPATH_SEARCH_PATHS = "$(inherited) @executable_path/Frameworks @loader_path/Frameworks";
				PRODUCT_BUNDLE_IDENTIFIER = com.stand4jc.MusicVideoTests;
				PRODUCT_NAME = "$(TARGET_NAME)";
				SWIFT_VERSION = 3.0;
				TEST_HOST = "$(BUILT_PRODUCTS_DIR)/MusicVideo.app/MusicVideo";
			};
			name = Debug;
		};
		1DFE3FFA1EDBC5DD00E86A96 /* Release */ = {
			isa = XCBuildConfiguration;
			buildSettings = {
				ALWAYS_EMBED_SWIFT_STANDARD_LIBRARIES = YES;
				BUNDLE_LOADER = "$(TEST_HOST)";
				DEVELOPMENT_TEAM = 7EP5686Y73;
				INFOPLIST_FILE = MusicVideoTests/Info.plist;
				LD_RUNPATH_SEARCH_PATHS = "$(inherited) @executable_path/Frameworks @loader_path/Frameworks";
				PRODUCT_BUNDLE_IDENTIFIER = com.stand4jc.MusicVideoTests;
				PRODUCT_NAME = "$(TARGET_NAME)";
				SWIFT_VERSION = 3.0;
				TEST_HOST = "$(BUILT_PRODUCTS_DIR)/MusicVideo.app/MusicVideo";
			};
			name = Release;
		};
		1DFE3FFC1EDBC5DD00E86A96 /* Debug */ = {
			isa = XCBuildConfiguration;
			buildSettings = {
				ALWAYS_EMBED_SWIFT_STANDARD_LIBRARIES = YES;
				DEVELOPMENT_TEAM = 7EP5686Y73;
				INFOPLIST_FILE = MusicVideoUITests/Info.plist;
				LD_RUNPATH_SEARCH_PATHS = "$(inherited) @executable_path/Frameworks @loader_path/Frameworks";
				PRODUCT_BUNDLE_IDENTIFIER = com.stand4jc.MusicVideoUITests;
				PRODUCT_NAME = "$(TARGET_NAME)";
				SWIFT_VERSION = 3.0;
				TEST_TARGET_NAME = MusicVideo;
			};
			name = Debug;
		};
		1DFE3FFD1EDBC5DD00E86A96 /* Release */ = {
			isa = XCBuildConfiguration;
			buildSettings = {
				ALWAYS_EMBED_SWIFT_STANDARD_LIBRARIES = YES;
				DEVELOPMENT_TEAM = 7EP5686Y73;
				INFOPLIST_FILE = MusicVideoUITests/Info.plist;
				LD_RUNPATH_SEARCH_PATHS = "$(inherited) @executable_path/Frameworks @loader_path/Frameworks";
				PRODUCT_BUNDLE_IDENTIFIER = com.stand4jc.MusicVideoUITests;
				PRODUCT_NAME = "$(TARGET_NAME)";
				SWIFT_VERSION = 3.0;
				TEST_TARGET_NAME = MusicVideo;
			};
			name = Release;
		};
/* End XCBuildConfiguration section */

/* Begin XCConfigurationList section */
		1DFE3FC81EDBC5DC00E86A96 /* Build configuration list for PBXProject "MusicVideo" */ = {
			isa = XCConfigurationList;
			buildConfigurations = (
				1DFE3FF31EDBC5DD00E86A96 /* Debug */,
				1DFE3FF41EDBC5DD00E86A96 /* Release */,
			);
			defaultConfigurationIsVisible = 0;
			defaultConfigurationName = Release;
		};
		1DFE3FF51EDBC5DD00E86A96 /* Build configuration list for PBXNativeTarget "MusicVideo" */ = {
			isa = XCConfigurationList;
			buildConfigurations = (
				1DFE3FF61EDBC5DD00E86A96 /* Debug */,
				1DFE3FF71EDBC5DD00E86A96 /* Release */,
			);
			defaultConfigurationIsVisible = 0;
			defaultConfigurationName = Release;
		};
		1DFE3FF81EDBC5DD00E86A96 /* Build configuration list for PBXNativeTarget "MusicVideoTests" */ = {
			isa = XCConfigurationList;
			buildConfigurations = (
				1DFE3FF91EDBC5DD00E86A96 /* Debug */,
				1DFE3FFA1EDBC5DD00E86A96 /* Release */,
			);
			defaultConfigurationIsVisible = 0;
			defaultConfigurationName = Release;
		};
		1DFE3FFB1EDBC5DD00E86A96 /* Build configuration list for PBXNativeTarget "MusicVideoUITests" */ = {
			isa = XCConfigurationList;
			buildConfigurations = (
				1DFE3FFC1EDBC5DD00E86A96 /* Debug */,
				1DFE3FFD1EDBC5DD00E86A96 /* Release */,
			);
			defaultConfigurationIsVisible = 0;
			defaultConfigurationName = Release;
		};
/* End XCConfigurationList section */
	};
	rootObject = 1DFE3FC51EDBC5DC00E86A96 /* Project object */;
}
